
Microsoft Visual Studio Solution File, Format Version 12.00
# Visual Studio Version 17
VisualStudioVersion = 17.10.34916.146
MinimumVisualStudioVersion = 10.0.40219.1
Project("{FAE04EC0-301F-11D3-BF4B-00C04F79EFBC}") = "TestMod", "TestMod\TestMod.csproj", "{6F7431D5-53BF-4377-AEC4-82C7F3869AE4}"
EndProject
Global
	GlobalSection(SolutionConfigurationPlatforms) = preSolution
		Debug|Any CPU = Debug|Any CPU
		Release|Any CPU = Release|Any CPU
	EndGlobalSection
	GlobalSection(ProjectConfigurationPlatforms) = postSolution
		{6F7431D5-53BF-4377-AEC4-82C7F3869AE4}.Debug|Any CPU.ActiveCfg = Debug|Any CPU
		{6F7431D5-53BF-4377-AEC4-82C7F3869AE4}.Debug|Any CPU.Build.0 = Debug|Any CPU
		{6F7431D5-53BF-4377-AEC4-82C7F3869AE4}.Release|Any CPU.ActiveCfg = Release|Any CPU
		{6F7431D5-53BF-4377-AEC4-82C7F3869AE4}.Release|Any CPU.Build.0 = Release|Any CPU
	EndGlobalSection
	GlobalSection(SolutionProperties) = preSolution
		HideSolutionNode = FALSE
	EndGlobalSection
	GlobalSection(ExtensibilityGlobals) = postSolution
		SolutionGuid = {0114AA4C-856B-4BA0-BB1B-0B20498F983D}
	EndGlobalSection
EndGlobal
